
Microsoft Visual Studio Solution File, Format Version 12.00
# Visual Studio 2012
Project("{8BC9CEB8-8B4A-11D0-8D11-00A0C91BC942}") = "md5combin", "md5combin\md5combin.vcxproj", "{D456341D-042A-4A45-A33A-411199BE0B07}"
EndProject
Global
	GlobalSection(SolutionConfigurationPlatforms) = preSolution
		Debug|Win32 = Debug|Win32
		Release|Win32 = Release|Win32
	EndGlobalSection
	GlobalSection(ProjectConfigurationPlatforms) = postSolution
		{D456341D-042A-4A45-A33A-411199BE0B07}.Debug|Win32.ActiveCfg = Debug|Win32
		{D456341D-042A-4A45-A33A-411199BE0B07}.Debug|Win32.Build.0 = Debug|Win32
		{D456341D-042A-4A45-A33A-411199BE0B07}.Release|Win32.ActiveCfg = Release|Win32
		{D456341D-042A-4A45-A33A-411199BE0B07}.Release|Win32.Build.0 = Release|Win32
	EndGlobalSection
	GlobalSection(SolutionProperties) = preSolution
		HideSolutionNode = FALSE
	EndGlobalSection
EndGlobal
